
Microsoft Visual Studio Solution File, Format Version 12.00
# Visual Studio Version 17
VisualStudioVersion = 17.13.35931.197
MinimumVisualStudioVersion = 10.0.40219.1
Project("{FAE04EC0-301F-11D3-BF4B-00C04F79EFBC}") = "cantinaC#", "cantinaC#\cantinaC#.csproj", "{06B38CCD-E7EE-4A01-AA3E-E9A577F30F65}"
EndProject
Global
	GlobalSection(SolutionConfigurationPlatforms) = preSolution
		Debug|Any CPU = Debug|Any CPU
		Release|Any CPU = Release|Any CPU
	EndGlobalSection
	GlobalSection(ProjectConfigurationPlatforms) = postSolution
		{06B38CCD-E7EE-4A01-AA3E-E9A577F30F65}.Debug|Any CPU.ActiveCfg = Debug|Any CPU
		{06B38CCD-E7EE-4A01-AA3E-E9A577F30F65}.Debug|Any CPU.Build.0 = Debug|Any CPU
		{06B38CCD-E7EE-4A01-AA3E-E9A577F30F65}.Release|Any CPU.ActiveCfg = Release|Any CPU
		{06B38CCD-E7EE-4A01-AA3E-E9A577F30F65}.Release|Any CPU.Build.0 = Release|Any CPU
	EndGlobalSection
	GlobalSection(SolutionProperties) = preSolution
		HideSolutionNode = FALSE
	EndGlobalSection
	GlobalSection(ExtensibilityGlobals) = postSolution
		SolutionGuid = {3B5392D0-EC0E-4178-ADB1-72DF7B397A4D}
	EndGlobalSection
EndGlobal
